
Microsoft Visual Studio Solution File, Format Version 12.00
# Visual Studio Version 16
VisualStudioVersion = 16.0.31205.134
MinimumVisualStudioVersion = 10.0.40219.1
Project("{FAE04EC0-301F-11D3-BF4B-00C04F79EFBC}") = "30DaysOfCode_15LinkedList", "30DaysOfCode_15LinkedList\30DaysOfCode_15LinkedList.csproj", "{535D7431-AEC8-4321-A5D9-4FAF1B913C66}"
EndProject
Global
	GlobalSection(SolutionConfigurationPlatforms) = preSolution
		Debug|Any CPU = Debug|Any CPU
		Release|Any CPU = Release|Any CPU
	EndGlobalSection
	GlobalSection(ProjectConfigurationPlatforms) = postSolution
		{535D7431-AEC8-4321-A5D9-4FAF1B913C66}.Debug|Any CPU.ActiveCfg = Debug|Any CPU
		{535D7431-AEC8-4321-A5D9-4FAF1B913C66}.Debug|Any CPU.Build.0 = Debug|Any CPU
		{535D7431-AEC8-4321-A5D9-4FAF1B913C66}.Release|Any CPU.ActiveCfg = Release|Any CPU
		{535D7431-AEC8-4321-A5D9-4FAF1B913C66}.Release|Any CPU.Build.0 = Release|Any CPU
	EndGlobalSection
	GlobalSection(SolutionProperties) = preSolution
		HideSolutionNode = FALSE
	EndGlobalSection
	GlobalSection(ExtensibilityGlobals) = postSolution
		SolutionGuid = {7A58EFDC-6A4E-4443-8157-0E0DA98CCD35}
	EndGlobalSection
EndGlobal
