
Microsoft Visual Studio Solution File, Format Version 12.00
# Visual Studio Version 16
VisualStudioVersion = 16.0.31205.134
MinimumVisualStudioVersion = 10.0.40219.1
Project("{FAE04EC0-301F-11D3-BF4B-00C04F79EFBC}") = "30DaysOfCode_14Scope", "30DaysOfCode_14Scope\30DaysOfCode_14Scope.csproj", "{1894231C-70B7-4DB6-908E-9982768D7634}"
EndProject
Global
	GlobalSection(SolutionConfigurationPlatforms) = preSolution
		Debug|Any CPU = Debug|Any CPU
		Release|Any CPU = Release|Any CPU
	EndGlobalSection
	GlobalSection(ProjectConfigurationPlatforms) = postSolution
		{1894231C-70B7-4DB6-908E-9982768D7634}.Debug|Any CPU.ActiveCfg = Debug|Any CPU
		{1894231C-70B7-4DB6-908E-9982768D7634}.Debug|Any CPU.Build.0 = Debug|Any CPU
		{1894231C-70B7-4DB6-908E-9982768D7634}.Release|Any CPU.ActiveCfg = Release|Any CPU
		{1894231C-70B7-4DB6-908E-9982768D7634}.Release|Any CPU.Build.0 = Release|Any CPU
	EndGlobalSection
	GlobalSection(SolutionProperties) = preSolution
		HideSolutionNode = FALSE
	EndGlobalSection
	GlobalSection(ExtensibilityGlobals) = postSolution
		SolutionGuid = {895F1BC7-DBE4-47F4-B72C-E3853B951864}
	EndGlobalSection
EndGlobal
