
Microsoft Visual Studio Solution File, Format Version 12.00
# Visual Studio Version 16
VisualStudioVersion = 16.0.31205.134
MinimumVisualStudioVersion = 10.0.40219.1
Project("{FAE04EC0-301F-11D3-BF4B-00C04F79EFBC}") = "30DaysOfCode_6LestReview", "30DaysOfCode_6LestReview\30DaysOfCode_6LestReview.csproj", "{F685C87C-C322-4F62-A9FE-40556DFC23BA}"
EndProject
Global
	GlobalSection(SolutionConfigurationPlatforms) = preSolution
		Debug|Any CPU = Debug|Any CPU
		Release|Any CPU = Release|Any CPU
	EndGlobalSection
	GlobalSection(ProjectConfigurationPlatforms) = postSolution
		{F685C87C-C322-4F62-A9FE-40556DFC23BA}.Debug|Any CPU.ActiveCfg = Debug|Any CPU
		{F685C87C-C322-4F62-A9FE-40556DFC23BA}.Debug|Any CPU.Build.0 = Debug|Any CPU
		{F685C87C-C322-4F62-A9FE-40556DFC23BA}.Release|Any CPU.ActiveCfg = Release|Any CPU
		{F685C87C-C322-4F62-A9FE-40556DFC23BA}.Release|Any CPU.Build.0 = Release|Any CPU
	EndGlobalSection
	GlobalSection(SolutionProperties) = preSolution
		HideSolutionNode = FALSE
	EndGlobalSection
	GlobalSection(ExtensibilityGlobals) = postSolution
		SolutionGuid = {865CE3B5-3FD6-494F-96A6-6F49EB1A853B}
	EndGlobalSection
EndGlobal
